
Microsoft Visual Studio Solution File, Format Version 11.00
# Visual Studio 2010
Project("{FAE04EC0-301F-11D3-BF4B-00C04F79EFBC}") = "Assembly-CSharp", "Assembly-CSharp.csproj", "{8e977aab-5912-a5c0-e01c-4070ceb6247f}"
EndProject
Global
	GlobalSection(SolutionConfigurationPlatforms) = preSolution
		Debug|Any CPU = Debug|Any CPU
		Release|Any CPU = Release|Any CPU
	EndGlobalSection
	GlobalSection(ProjectConfigurationPlatforms) = postSolution
		{8e977aab-5912-a5c0-e01c-4070ceb6247f}.Debug|Any CPU.ActiveCfg = Debug|Any CPU
		{8e977aab-5912-a5c0-e01c-4070ceb6247f}.Debug|Any CPU.Build.0 = Debug|Any CPU
		{8e977aab-5912-a5c0-e01c-4070ceb6247f}.Release|Any CPU.ActiveCfg = Release|Any CPU
		{8e977aab-5912-a5c0-e01c-4070ceb6247f}.Release|Any CPU.Build.0 = Release|Any CPU
	EndGlobalSection
	GlobalSection(SolutionProperties) = preSolution
		HideSolutionNode = FALSE
	EndGlobalSection
EndGlobal
